
Microsoft Visual Studio Solution File, Format Version 12.00
# Visual Studio Version 17
VisualStudioVersion = 17.4.33110.190
MinimumVisualStudioVersion = 10.0.40219.1
Project("{9A19103F-16F7-4668-BE54-9A1E7A4F7556}") = "Catalog.API", "Catalog\Catalog.API\Catalog.API.csproj", "{837141F9-598A-48DF-BF1F-F1F5636982C1}"
EndProject
Project("{9A19103F-16F7-4668-BE54-9A1E7A4F7556}") = "Infrastructure", "Infrastructure\Infrastructure\Infrastructure.csproj", "{B7DBEDAB-D328-4042-913E-C6BDC8340CAA}"
EndProject
Project("{9A19103F-16F7-4668-BE54-9A1E7A4F7556}") = "Catalog.UnitTests", "Catalog\Catalog.UnitTests\Catalog.UnitTests.csproj", "{F5159EE6-74D5-49C4-9E5C-B15B786D4C17}"
EndProject
Project("{9A19103F-16F7-4668-BE54-9A1E7A4F7556}") = "Infrastructure.UnitTests", "Infrastructure\Infrastructure.UnitTests\Infrastructure.UnitTests.csproj", "{7D28E800-1CBC-4E8A-AC2A-729990E83E5A}"
EndProject
Project("{9A19103F-16F7-4668-BE54-9A1E7A4F7556}") = "Data", "Data\Data\Data.csproj", "{C1024316-1F1C-4323-A12E-6C05D24DEA43}"
EndProject
Project("{9A19103F-16F7-4668-BE54-9A1E7A4F7556}") = "Orders.API", "Orders\Orders.API\Orders.API.csproj", "{A9F1C9F1-832C-4088-A700-71C6F99CA7AC}"
EndProject
Project("{9A19103F-16F7-4668-BE54-9A1E7A4F7556}") = "Comments.API", "Comments\Comments.API\Comments.API.csproj", "{BB94D5F3-D6C8-4F41-B4A5-385B56DB89C8}"
EndProject
Project("{9A19103F-16F7-4668-BE54-9A1E7A4F7556}") = "Authorization.API", "Auth\Authorization.API\Authorization.API.csproj", "{F80952E5-0784-4E5E-8D5C-F572F7D02F19}"
EndProject
Global
	GlobalSection(SolutionConfigurationPlatforms) = preSolution
		Debug|Any CPU = Debug|Any CPU
		Release|Any CPU = Release|Any CPU
	EndGlobalSection
	GlobalSection(ProjectConfigurationPlatforms) = postSolution
		{837141F9-598A-48DF-BF1F-F1F5636982C1}.Debug|Any CPU.ActiveCfg = Debug|Any CPU
		{837141F9-598A-48DF-BF1F-F1F5636982C1}.Debug|Any CPU.Build.0 = Debug|Any CPU
		{837141F9-598A-48DF-BF1F-F1F5636982C1}.Release|Any CPU.ActiveCfg = Release|Any CPU
		{837141F9-598A-48DF-BF1F-F1F5636982C1}.Release|Any CPU.Build.0 = Release|Any CPU
		{B7DBEDAB-D328-4042-913E-C6BDC8340CAA}.Debug|Any CPU.ActiveCfg = Debug|Any CPU
		{B7DBEDAB-D328-4042-913E-C6BDC8340CAA}.Debug|Any CPU.Build.0 = Debug|Any CPU
		{B7DBEDAB-D328-4042-913E-C6BDC8340CAA}.Release|Any CPU.ActiveCfg = Release|Any CPU
		{B7DBEDAB-D328-4042-913E-C6BDC8340CAA}.Release|Any CPU.Build.0 = Release|Any CPU
		{F5159EE6-74D5-49C4-9E5C-B15B786D4C17}.Debug|Any CPU.ActiveCfg = Debug|Any CPU
		{F5159EE6-74D5-49C4-9E5C-B15B786D4C17}.Debug|Any CPU.Build.0 = Debug|Any CPU
		{F5159EE6-74D5-49C4-9E5C-B15B786D4C17}.Release|Any CPU.ActiveCfg = Release|Any CPU
		{F5159EE6-74D5-49C4-9E5C-B15B786D4C17}.Release|Any CPU.Build.0 = Release|Any CPU
		{7D28E800-1CBC-4E8A-AC2A-729990E83E5A}.Debug|Any CPU.ActiveCfg = Debug|Any CPU
		{7D28E800-1CBC-4E8A-AC2A-729990E83E5A}.Debug|Any CPU.Build.0 = Debug|Any CPU
		{7D28E800-1CBC-4E8A-AC2A-729990E83E5A}.Release|Any CPU.ActiveCfg = Release|Any CPU
		{7D28E800-1CBC-4E8A-AC2A-729990E83E5A}.Release|Any CPU.Build.0 = Release|Any CPU
		{C1024316-1F1C-4323-A12E-6C05D24DEA43}.Debug|Any CPU.ActiveCfg = Debug|Any CPU
		{C1024316-1F1C-4323-A12E-6C05D24DEA43}.Debug|Any CPU.Build.0 = Debug|Any CPU
		{C1024316-1F1C-4323-A12E-6C05D24DEA43}.Release|Any CPU.ActiveCfg = Release|Any CPU
		{C1024316-1F1C-4323-A12E-6C05D24DEA43}.Release|Any CPU.Build.0 = Release|Any CPU
		{A9F1C9F1-832C-4088-A700-71C6F99CA7AC}.Debug|Any CPU.ActiveCfg = Debug|Any CPU
		{A9F1C9F1-832C-4088-A700-71C6F99CA7AC}.Debug|Any CPU.Build.0 = Debug|Any CPU
		{A9F1C9F1-832C-4088-A700-71C6F99CA7AC}.Release|Any CPU.ActiveCfg = Release|Any CPU
		{A9F1C9F1-832C-4088-A700-71C6F99CA7AC}.Release|Any CPU.Build.0 = Release|Any CPU
		{BB94D5F3-D6C8-4F41-B4A5-385B56DB89C8}.Debug|Any CPU.ActiveCfg = Debug|Any CPU
		{BB94D5F3-D6C8-4F41-B4A5-385B56DB89C8}.Debug|Any CPU.Build.0 = Debug|Any CPU
		{BB94D5F3-D6C8-4F41-B4A5-385B56DB89C8}.Release|Any CPU.ActiveCfg = Release|Any CPU
		{BB94D5F3-D6C8-4F41-B4A5-385B56DB89C8}.Release|Any CPU.Build.0 = Release|Any CPU
		{F80952E5-0784-4E5E-8D5C-F572F7D02F19}.Debug|Any CPU.ActiveCfg = Debug|Any CPU
		{F80952E5-0784-4E5E-8D5C-F572F7D02F19}.Debug|Any CPU.Build.0 = Debug|Any CPU
		{F80952E5-0784-4E5E-8D5C-F572F7D02F19}.Release|Any CPU.ActiveCfg = Release|Any CPU
		{F80952E5-0784-4E5E-8D5C-F572F7D02F19}.Release|Any CPU.Build.0 = Release|Any CPU
	EndGlobalSection
	GlobalSection(SolutionProperties) = preSolution
		HideSolutionNode = FALSE
	EndGlobalSection
	GlobalSection(ExtensibilityGlobals) = postSolution
		SolutionGuid = {B7623123-08B8-489E-8CB7-8E3502EF84B0}
	EndGlobalSection
EndGlobal
